// !$*UTF8*$!
{
	archiveVersion = 1;
	classes = {
	};
	objectVersion = 50;
	objects = {

/* Begin PBXBuildFile section */
		2567169020DDD5350076DC5F /* AppDelegate.m in Sources */ = {isa = PBXBuildFile; fileRef = 2567168F20DDD5350076DC5F /* AppDelegate.m */; };
		2567169320DDD5350076DC5F /* ViewController.m in Sources */ = {isa = PBXBuildFile; fileRef = 2567169220DDD5350076DC5F /* ViewController.m */; };
		2567169620DDD5350076DC5F /* Main.storyboard in Resources */ = {isa = PBXBuildFile; fileRef = 2567169420DDD5350076DC5F /* Main.storyboard */; };
		2567169820DDD5360076DC5F /* Assets.xcassets in Resources */ = {isa = PBXBuildFile; fileRef = 2567169720DDD5360076DC5F /* Assets.xcassets */; };
		2567169B20DDD5360076DC5F /* LaunchScreen.storyboard in Resources */ = {isa = PBXBuildFile; fileRef = 2567169920DDD5360076DC5F /* LaunchScreen.storyboard */; };
		2567169E20DDD5360076DC5F /* main.m in Sources */ = {isa = PBXBuildFile; fileRef = 2567169D20DDD5360076DC5F /* main.m */; };
		F4DD5350492F5E91F72A2B92 /* libPods-LZDemo.a in Frameworks */ = {isa = PBXBuildFile; fileRef = CC30C5C86B145AE47B4EDC57 /* libPods-LZDemo.a */; };
/* End PBXBuildFile section */

/* Begin PBXFileReference section */
		2567168B20DDD5350076DC5F /* LZDemo.app */ = {isa = PBXFileReference; explicitFileType = wrapper.application; includeInIndex = 0; path = LZDemo.app; sourceTree = BUILT_PRODUCTS_DIR; };
		2567168E20DDD5350076DC5F /* AppDelegate.h */ = {isa = PBXFileReference; lastKnownFileType = sourcecode.c.h; path = AppDelegate.h; sourceTree = "<group>"; };
		2567168F20DDD5350076DC5F /* AppDelegate.m */ = {isa = PBXFileReference; lastKnownFileType = sourcecode.c.objc; path = AppDelegate.m; sourceTree = "<group>"; };
		2567169120DDD5350076DC5F /* ViewController.h */ = {isa = PBXFileReference; lastKnownFileType = sourcecode.c.h; path = ViewController.h; sourceTree = "<group>"; };
		2567169220DDD5350076DC5F /* ViewController.m */ = {isa = PBXFileReference; lastKnownFileType = sourcecode.c.objc; path = ViewController.m; sourceTree = "<group>"; };
		2567169520DDD5350076DC5F /* Base */ = {isa = PBXFileReference; lastKnownFileType = file.storyboard; name = Base; path = Base.lproj/Main.storyboard; sourceTree = "<group>"; };
		2567169720DDD5360076DC5F /* Assets.xcassets */ = {isa = PBXFileReference; lastKnownFileType = folder.assetcatalog; path = Assets.xcassets; sourceTree = "<group>"; };
		2567169A20DDD5360076DC5F /* Base */ = {isa = PBXFileReference; lastKnownFileType = file.storyboard; name = Base; path = Base.lproj/LaunchScreen.storyboard; sourceTree = "<group>"; };
		2567169C20DDD5360076DC5F /* Info.plist */ = {isa = PBXFileReference; lastKnownFileType = text.plist.xml; path = Info.plist; sourceTree = "<group>"; };
		2567169D20DDD5360076DC5F /* main.m */ = {isa = PBXFileReference; lastKnownFileType = sourcecode.c.objc; path = main.m; sourceTree = "<group>"; };
		8986DF0E20BFBFDA99797BBB /* Pods-LZDemo.release.xcconfig */ = {isa = PBXFileReference; includeInIndex = 1; lastKnownFileType = text.xcconfig; name = "Pods-LZDemo.release.xcconfig"; path = "Pods/Target Support Files/Pods-LZDemo/Pods-LZDemo.release.xcconfig"; sourceTree = "<group>"; };
		CC30C5C86B145AE47B4EDC57 /* libPods-LZDemo.a */ = {isa = PBXFileReference; explicitFileType = archive.ar; includeInIndex = 0; path = "libPods-LZDemo.a"; sourceTree = BUILT_PRODUCTS_DIR; };
		E5B7EBC4CB18AA5BCCF604A5 /* Pods-LZDemo.debug.xcconfig */ = {isa = PBXFileReference; includeInIndex = 1; lastKnownFileType = text.xcconfig; name = "Pods-LZDemo.debug.xcconfig"; path = "Pods/Target Support Files/Pods-LZDemo/Pods-LZDemo.debug.xcconfig"; sourceTree = "<group>"; };
/* End PBXFileReference section */

/* Begin PBXFrameworksBuildPhase section */
		2567168820DDD5350076DC5F /* Frameworks */ = {
			isa = PBXFrameworksBuildPhase;
			buildActionMask = 2147483647;
			files = (
				F4DD5350492F5E91F72A2B92 /* libPods-LZDemo.a in Frameworks */,
			);
			runOnlyForDeploymentPostprocessing = 0;
		};
/* End PBXFrameworksBuildPhase section */

/* Begin PBXGroup section */
		2567168220DDD5350076DC5F = {
			isa = PBXGroup;
			children = (
				2567168D20DDD5350076DC5F /* LZDemo */,
				2567168C20DDD5350076DC5F /* Products */,
				EF2B9ACEF4F995FE6DEF1D6D /* Pods */,
				39AD1542A86A0CAC148CA4F7 /* Frameworks */,
			);
			sourceTree = "<group>";
		};
		2567168C20DDD5350076DC5F /* Products */ = {
			isa = PBXGroup;
			children = (
				2567168B20DDD5350076DC5F /* LZDemo.app */,
			);
			name = Products;
			sourceTree = "<group>";
		};
		2567168D20DDD5350076DC5F /* LZDemo */ = {
			isa = PBXGroup;
			children = (
				2567168E20DDD5350076DC5F /* AppDelegate.h */,
				2567168F20DDD5350076DC5F /* AppDelegate.m */,
				2567169120DDD5350076DC5F /* ViewController.h */,
				2567169220DDD5350076DC5F /* ViewController.m */,
				2567169420DDD5350076DC5F /* Main.storyboard */,
				2567169720DDD5360076DC5F /* Assets.xcassets */,
				2567169920DDD5360076DC5F /* LaunchScreen.storyboard */,
				2567169C20DDD5360076DC5F /* Info.plist */,
				2567169D20DDD5360076DC5F /* main.m */,
			);
			path = LZDemo;
			sourceTree = "<group>";
		};
		39AD1542A86A0CAC148CA4F7 /* Frameworks */ = {
			isa = PBXGroup;
			children = (
				CC30C5C86B145AE47B4EDC57 /* libPods-LZDemo.a */,
			);
			name = Frameworks;
			sourceTree = "<group>";
		};
		EF2B9ACEF4F995FE6DEF1D6D /* Pods */ = {
			isa = PBXGroup;
			children = (
				E5B7EBC4CB18AA5BCCF604A5 /* Pods-LZDemo.debug.xcconfig */,
				8986DF0E20BFBFDA99797BBB /* Pods-LZDemo.release.xcconfig */,
			);
			name = Pods;
			sourceTree = "<group>";
		};
/* End PBXGroup section */

/* Begin PBXNativeTarget section */
		2567168A20DDD5350076DC5F /* LZDemo */ = {
			isa = PBXNativeTarget;
			buildConfigurationList = 256716A120DDD5360076DC5F /* Build configuration list for PBXNativeTarget "LZDemo" */;
			buildPhases = (
				5D94AEC146031C907099DD3E /* [CP] Check Pods Manifest.lock */,
				2567168720DDD5350076DC5F /* Sources */,
				2567168820DDD5350076DC5F /* Frameworks */,
				2567168920DDD5350076DC5F /* Resources */,
			);
			buildRules = (
			);
			dependencies = (
			);
			name = LZDemo;
			productName = LZDemo;
			productReference = 2567168B20DDD5350076DC5F /* LZDemo.app */;
			productType = "com.apple.product-type.application";
		};
/* End PBXNativeTarget section */

/* Begin PBXProject section */
		2567168320DDD5350076DC5F /* Project object */ = {
			isa = PBXProject;
			attributes = {
				LastUpgradeCheck = 0930;
				ORGANIZATIONNAME = "Liu Zhao";
				TargetAttributes = {
					2567168A20DDD5350076DC5F = {
						CreatedOnToolsVersion = 9.3;
					};
				};
			};
			buildConfigurationList = 2567168620DDD5350076DC5F /* Build configuration list for PBXProject "LZDemo" */;
			compatibilityVersion = "Xcode 9.3";
			developmentRegion = en;
			hasScannedForEncodings = 0;
			knownRegions = (
				en,
				Base,
			);
			mainGroup = 2567168220DDD5350076DC5F;
			productRefGroup = 2567168C20DDD5350076DC5F /* Products */;
			projectDirPath = "";
			projectRoot = "";
			targets = (
				2567168A20DDD5350076DC5F /* LZDemo */,
			);
		};
/* End PBXProject section */

/* Begin PBXResourcesBuildPhase section */
		2567168920DDD5350076DC5F /* Resources */ = {
			isa = PBXResourcesBuildPhase;
			buildActionMask = 2147483647;
			files = (
				2567169B20DDD5360076DC5F /* LaunchScreen.storyboard in Resources */,
				2567169820DDD5360076DC5F /* Assets.xcassets in Resources */,
				2567169620DDD5350076DC5F /* Main.storyboard in Resources */,
			);
			runOnlyForDeploymentPostprocessing = 0;
		};
/* End PBXResourcesBuildPhase section */

/* Begin PBXShellScriptBuildPhase section */
		5D94AEC146031C907099DD3E /* [CP] Check Pods Manifest.lock */ = {
			isa = PBXShellScriptBuildPhase;
			buildActionMask = 2147483647;
			files = (
			);
			inputPaths = (
				"${PODS_PODFILE_DIR_PATH}/Podfile.lock",
				"${PODS_ROOT}/Manifest.lock",
			);
			name = "[CP] Check Pods Manifest.lock";
			outputPaths = (
				"$(DERIVED_FILE_DIR)/Pods-LZDemo-checkManifestLockResult.txt",
			);
			runOnlyForDeploymentPostprocessing = 0;
			shellPath = /bin/sh;
			shellScript = "diff \"${PODS_PODFILE_DIR_PATH}/Podfile.lock\" \"${PODS_ROOT}/Manifest.lock\" > /dev/null\nif [ $? != 0 ] ; then\n    # print error to STDERR\n    echo \"error: The sandbox is not in sync with the Podfile.lock. Run 'pod install' or update your CocoaPods installation.\" >&2\n    exit 1\nfi\n# This output is used by Xcode 'outputs' to avoid re-running this script phase.\necho \"SUCCESS\" > \"${SCRIPT_OUTPUT_FILE_0}\"\n";
			showEnvVarsInLog = 0;
		};
/* End PBXShellScriptBuildPhase section */

/* Begin PBXSourcesBuildPhase section */
		2567168720DDD5350076DC5F /* Sources */ = {
			isa = PBXSourcesBuildPhase;
			buildActionMask = 2147483647;
			files = (
				2567169320DDD5350076DC5F /* ViewController.m in Sources */,
				2567169E20DDD5360076DC5F /* main.m in Sources */,
				2567169020DDD5350076DC5F /* AppDelegate.m in Sources */,
			);
			runOnlyForDeploymentPostprocessing = 0;
		};
/* End PBXSourcesBuildPhase section */

/* Begin PBXVariantGroup section */
		2567169420DDD5350076DC5F /* Main.storyboard */ = {
			isa = PBXVariantGroup;
			children = (
				2567169520DDD5350076DC5F /* Base */,
			);
			name = Main.storyboard;
			sourceTree = "<group>";
		};
		2567169920DDD5360076DC5F /* LaunchScreen.storyboard */ = {
			isa = PBXVariantGroup;
			children = (
				2567169A20DDD5360076DC5F /* Base */,
			);
			name = LaunchScreen.storyboard;
			sourceTree = "<group>";
		};
/* End PBXVariantGroup section */

/* Begin XCBuildConfiguration section */
		2567169F20DDD5360076DC5F /* Debug */ = {
			isa = XCBuildConfiguration;
			buildSettings = {
				ALWAYS_SEARCH_USER_PATHS = NO;
				CLANG_ANALYZER_NONNULL = YES;
				CLANG_ANALYZER_NUMBER_OBJECT_CONVERSION = YES_AGGRESSIVE;
				CLANG_CXX_LANGUAGE_STANDARD = "gnu++14";
				CLANG_CXX_LIBRARY = "libc++";
				CLANG_ENABLE_MODULES = YES;
				CLANG_ENABLE_OBJC_ARC = YES;
				CLANG_ENABLE_OBJC_WEAK = YES;
				CLANG_WARN_BLOCK_CAPTURE_AUTORELEASING = YES;
				CLANG_WARN_BOOL_CONVERSION = YES;
				CLANG_WARN_COMMA = YES;
				CLANG_WARN_CONSTANT_CONVERSION = YES;
				CLANG_WARN_DEPRECATED_OBJC_IMPLEMENTATIONS = YES;
				CLANG_WARN_DIRECT_OBJC_ISA_USAGE = YES_ERROR;
				CLANG_WARN_DOCUMENTATION_COMMENTS = YES;
				CLANG_WARN_EMPTY_BODY = YES;
				CLANG_WARN_ENUM_CONVERSION = YES;
				CLANG_WARN_INFINITE_RECURSION = YES;
				CLANG_WARN_INT_CONVERSION = YES;
				CLANG_WARN_NON_LITERAL_NULL_CONVERSION = YES;
				CLANG_WARN_OBJC_IMPLICIT_RETAIN_SELF = YES;
				CLANG_WARN_OBJC_LITERAL_CONVERSION = YES;
				CLANG_WARN_OBJC_ROOT_CLASS = YES_ERROR;
				CLANG_WARN_RANGE_LOOP_ANALYSIS = YES;
				CLANG_WARN_STRICT_PROTOTYPES = YES;
				CLANG_WARN_SUSPICIOUS_MOVE = YES;
				CLANG_WARN_UNGUARDED_AVAILABILITY = YES_AGGRESSIVE;
				CLANG_WARN_UNREACHABLE_CODE = YES;
				CLANG_WARN__DUPLICATE_METHOD_MATCH = YES;
				CODE_SIGN_IDENTITY = "iPhone Developer";
				COPY_PHASE_STRIP = NO;
				DEBUG_INFORMATION_FORMAT = dwarf;
				ENABLE_STRICT_OBJC_MSGSEND = YES;
				ENABLE_TESTABILITY = YES;
				GCC_C_LANGUAGE_STANDARD = gnu11;
				GCC_DYNAMIC_NO_PIC = NO;
				GCC_NO_COMMON_BLOCKS = YES;
				GCC_OPTIMIZATION_LEVEL = 0;
				GCC_PREPROCESSOR_DEFINITIONS = (
					"DEBUG=1",
					"$(inherited)",
				);
				GCC_WARN_64_TO_32_BIT_CONVERSION = YES;
				GCC_WARN_ABOUT_RETURN_TYPE = YES_ERROR;
				GCC_WARN_UNDECLARED_SELECTOR = YES;
				GCC_WARN_UNINITIALIZED_AUTOS = YES_AGGRESSIVE;
				GCC_WARN_UNUSED_FUNCTION = YES;
				GCC_WARN_UNUSED_VARIABLE = YES;
				IPHONEOS_DEPLOYMENT_TARGET = 11.3;
				MTL_ENABLE_DEBUG_INFO = YES;
				ONLY_ACTIVE_ARCH = YES;
				SDKROOT = iphoneos;
			};
			name = Debug;
		};
		256716A020DDD5360076DC5F /* Release */ = {
			isa = XCBuildConfiguration;
			buildSettings = {
				ALWAYS_SEARCH_USER_PATHS = NO;
				CLANG_ANALYZER_NONNULL = YES;
				CLANG_ANALYZER_NUMBER_OBJECT_CONVERSION = YES_AGGRESSIVE;
				CLANG_CXX_LANGUAGE_STANDARD = "gnu++14";
				CLANG_CXX_LIBRARY = "libc++";
				CLANG_ENABLE_MODULES = YES;
				CLANG_ENABLE_OBJC_ARC = YES;
				CLANG_ENABLE_OBJC_WEAK = YES;
				CLANG_WARN_BLOCK_CAPTURE_AUTORELEASING = YES;
				CLANG_WARN_BOOL_CONVERSION = YES;
				CLANG_WARN_COMMA = YES;
				CLANG_WARN_CONSTANT_CONVERSION = YES;
				CLANG_WARN_DEPRECATED_OBJC_IMPLEMENTATIONS = YES;
				CLANG_WARN_DIRECT_OBJC_ISA_USAGE = YES_ERROR;
				CLANG_WARN_DOCUMENTATION_COMMENTS = YES;
				CLANG_WARN_EMPTY_BODY = YES;
				CLANG_WARN_ENUM_CONVERSION = YES;
				CLANG_WARN_INFINITE_RECURSION = YES;
				CLANG_WARN_INT_CONVERSION = YES;
				CLANG_WARN_NON_LITERAL_NULL_CONVERSION = YES;
				CLANG_WARN_OBJC_IMPLICIT_RETAIN_SELF = YES;
				CLANG_WARN_OBJC_LITERAL_CONVERSION = YES;
				CLANG_WARN_OBJC_ROOT_CLASS = YES_ERROR;
				CLANG_WARN_RANGE_LOOP_ANALYSIS = YES;
				CLANG_WARN_STRICT_PROTOTYPES = YES;
				CLANG_WARN_SUSPICIOUS_MOVE = YES;
				CLANG_WARN_UNGUARDED_AVAILABILITY = YES_AGGRESSIVE;
				CLANG_WARN_UNREACHABLE_CODE = YES;
				CLANG_WARN__DUPLICATE_METHOD_MATCH = YES;
				CODE_SIGN_IDENTITY = "iPhone Developer";
				COPY_PHASE_STRIP = NO;
				DEBUG_INFORMATION_FORMAT = "dwarf-with-dsym";
				ENABLE_NS_ASSERTIONS = NO;
				ENABLE_STRICT_OBJC_MSGSEND = YES;
				GCC_C_LANGUAGE_STANDARD = gnu11;
				GCC_NO_COMMON_BLOCKS = YES;
				GCC_WARN_64_TO_32_BIT_CONVERSION = YES;
				GCC_WARN_ABOUT_RETURN_TYPE = YES_ERROR;
				GCC_WARN_UNDECLARED_SELECTOR = YES;
				GCC_WARN_UNINITIALIZED_AUTOS = YES_AGGRESSIVE;
				GCC_WARN_UNUSED_FUNCTION = YES;
				GCC_WARN_UNUSED_VARIABLE = YES;
				IPHONEOS_DEPLOYMENT_TARGET = 11.3;
				MTL_ENABLE_DEBUG_INFO = NO;
				SDKROOT = iphoneos;
				VALIDATE_PRODUCT = YES;
			};
			name = Release;
		};
		256716A220DDD5360076DC5F /* Debug */ = {
			isa = XCBuildConfiguration;
			baseConfigurationReference = E5B7EBC4CB18AA5BCCF604A5 /* Pods-LZDemo.debug.xcconfig */;
			buildSettings = {
				ASSETCATALOG_COMPILER_APPICON_NAME = AppIcon;
				CODE_SIGN_STYLE = Automatic;
				DEVELOPMENT_TEAM = D7W53A5GMW;
				INFOPLIST_FILE = LZDemo/Info.plist;
				LD_RUNPATH_SEARCH_PATHS = "$(inherited) @executable_path/Frameworks";
				PRODUCT_BUNDLE_IDENTIFIER = com.LZDemo;
				PRODUCT_NAME = "$(TARGET_NAME)";
				TARGETED_DEVICE_FAMILY = "1,2";
			};
			name = Debug;
		};
		256716A320DDD5360076DC5F /* Release */ = {
			isa = XCBuildConfiguration;
			baseConfigurationReference = 8986DF0E20BFBFDA99797BBB /* Pods-LZDemo.release.xcconfig */;
			buildSettings = {
				ASSETCATALOG_COMPILER_APPICON_NAME = AppIcon;
				CODE_SIGN_STYLE = Automatic;
				DEVELOPMENT_TEAM = D7W53A5GMW;
				INFOPLIST_FILE = LZDemo/Info.plist;
				LD_RUNPATH_SEARCH_PATHS = "$(inherited) @executable_path/Frameworks";
				PRODUCT_BUNDLE_IDENTIFIER = com.LZDemo;
				PRODUCT_NAME = "$(TARGET_NAME)";
				TARGETED_DEVICE_FAMILY = "1,2";
			};
			name = Release;
		};
/* End XCBuildConfiguration section */

/* Begin XCConfigurationList section */
		2567168620DDD5350076DC5F /* Build configuration list for PBXProject "LZDemo" */ = {
			isa = XCConfigurationList;
			buildConfigurations = (
				2567169F20DDD5360076DC5F /* Debug */,
				256716A020DDD5360076DC5F /* Release */,
			);
			defaultConfigurationIsVisible = 0;
			defaultConfigurationName = Release;
		};
		256716A120DDD5360076DC5F /* Build configuration list for PBXNativeTarget "LZDemo" */ = {
			isa = XCConfigurationList;
			buildConfigurations = (
				256716A220DDD5360076DC5F /* Debug */,
				256716A320DDD5360076DC5F /* Release */,
			);
			defaultConfigurationIsVisible = 0;
			defaultConfigurationName = Release;
		};
/* End XCConfigurationList section */
	};
	rootObject = 2567168320DDD5350076DC5F /* Project object */;
}
